
Microsoft Visual Studio Solution File, Format Version 12.00
# Visual Studio Version 16
VisualStudioVersion = 16.0.31129.286
MinimumVisualStudioVersion = 10.0.40219.1
Project("{FAE04EC0-301F-11D3-BF4B-00C04F79EFBC}") = "WPF Client Web API", "WPF Client Web API\WPF Client Web API.csproj", "{B01B62E8-C513-40C5-8D90-F011E6CB85A7}"
EndProject
Global
	GlobalSection(SolutionConfigurationPlatforms) = preSolution
		Debug|Any CPU = Debug|Any CPU
		Release|Any CPU = Release|Any CPU
	EndGlobalSection
	GlobalSection(ProjectConfigurationPlatforms) = postSolution
		{B01B62E8-C513-40C5-8D90-F011E6CB85A7}.Debug|Any CPU.ActiveCfg = Debug|Any CPU
		{B01B62E8-C513-40C5-8D90-F011E6CB85A7}.Debug|Any CPU.Build.0 = Debug|Any CPU
		{B01B62E8-C513-40C5-8D90-F011E6CB85A7}.Release|Any CPU.ActiveCfg = Release|Any CPU
		{B01B62E8-C513-40C5-8D90-F011E6CB85A7}.Release|Any CPU.Build.0 = Release|Any CPU
	EndGlobalSection
	GlobalSection(SolutionProperties) = preSolution
		HideSolutionNode = FALSE
	EndGlobalSection
	GlobalSection(ExtensibilityGlobals) = postSolution
		SolutionGuid = {D37EEFD1-CE40-426A-A858-12B9FE612B60}
	EndGlobalSection
EndGlobal
